{
  "pins" : [
    {
      "identity" : "drops",
      "kind" : "remoteSourceControl",
      "location" : "https://github.com/omaralbeik/Drops.git",
      "state" : {
        "revision" : "a183ee6f79f21c940092a19c2cba756555422371",
        "version" : "1.7.0"
      }
    },
    {
      "identity" : "swiftuiconfettioverlay",
      "kind" : "remoteSourceControl",
      "location" : "https://github.com/BertanT/SwiftUIConfettiOverlay.git",
      "state" : {
        "branch" : "main",
        "revision" : "87d7e4f1cfa8674785430e9540785edf9506507d"
      }
    }
  ],
  "version" : 2
}
